{
  "name": "garanti-kulucka-ecosystem",
  "version": "0.1.0",
  "lockfileVersion": 3,
  "requires": true,
  "packages": {
    "": {
      "name": "garanti-kulucka-ecosystem",
      "version": "0.1.0",
      "workspaces": [
        "apps/*",
        "packages/*"
      ],
      "engines": {
        "node": ">=22"
      }
    },
    "apps/api": {
      "name": "@garanti-kulucka/api",
      "version": "0.1.0"
    },
    "apps/migrator": {
      "name": "@garanti-kulucka/migrator",
      "version": "0.1.0"
    },
    "apps/web": {
      "name": "@garanti-kulucka/web",
      "version": "0.1.0"
    },
    "apps/worker": {
      "name": "@garanti-kulucka/worker",
      "version": "0.1.0"
    },
    "node_modules/@garanti-kulucka/api": {
      "resolved": "apps/api",
      "link": true
    },
    "node_modules/@garanti-kulucka/migrator": {
      "resolved": "apps/migrator",
      "link": true
    },
    "node_modules/@garanti-kulucka/shared": {
      "resolved": "packages/shared",
      "link": true
    },
    "node_modules/@garanti-kulucka/web": {
      "resolved": "apps/web",
      "link": true
    },
    "node_modules/@garanti-kulucka/worker": {
      "resolved": "apps/worker",
      "link": true
    },
    "packages/shared": {
      "name": "@garanti-kulucka/shared",
      "version": "0.1.0"
    }
  }
}
